<?xml version="1.0" encoding="utf-8"?>
<Project ToolsVersion="15.0" xmlns="http://schemas.microsoft.com/developer/msbuild/2003">
  <ItemGroup>
    <ClCompile Include="G:\Projects\Cry-Steam-Plugin\Code\StdAfx.cpp" />
    <ClCompile Include="G:\Projects\Cry-Steam-Plugin\solutions\win64\Code_uber.cpp">
      <Filter>UBER FILES</Filter>
    </ClCompile>
    <ClCompile Include="G:\Projects\Cry-Steam-Plugin\solutions\win64\steam_uber.cpp">
      <Filter>UBER FILES</Filter>
    </ClCompile>
  </ItemGroup>
  <ItemGroup>
    <ClInclude Include="G:\Projects\Cry-Steam-Plugin\Code\Plugin.cpp" />
    <ClInclude Include="G:\Projects\Cry-Steam-Plugin\Code\Plugin.h" />
    <ClInclude Include="G:\Projects\Cry-Steam-Plugin\Code\StdAfx.h" />
    <ClInclude Include="G:\Projects\Cry-Steam-Plugin\Code\steam\isteamapplist.h">
      <Filter>steam</Filter>
    </ClInclude>
    <ClInclude Include="G:\Projects\Cry-Steam-Plugin\Code\steam\isteamapps.h">
      <Filter>steam</Filter>
    </ClInclude>
    <ClInclude Include="G:\Projects\Cry-Steam-Plugin\Code\steam\isteamappticket.h">
      <Filter>steam</Filter>
    </ClInclude>
    <ClInclude Include="G:\Projects\Cry-Steam-Plugin\Code\steam\isteamclient.h">
      <Filter>steam</Filter>
    </ClInclude>
    <ClInclude Include="G:\Projects\Cry-Steam-Plugin\Code\steam\isteamcontroller.h">
      <Filter>steam</Filter>
    </ClInclude>
    <ClInclude Include="G:\Projects\Cry-Steam-Plugin\Code\steam\isteamfriends.h">
      <Filter>steam</Filter>
    </ClInclude>
    <ClInclude Include="G:\Projects\Cry-Steam-Plugin\Code\steam\isteamgamecoordinator.h">
      <Filter>steam</Filter>
    </ClInclude>
    <ClInclude Include="G:\Projects\Cry-Steam-Plugin\Code\steam\isteamgameserver.h">
      <Filter>steam</Filter>
    </ClInclude>
    <ClInclude Include="G:\Projects\Cry-Steam-Plugin\Code\steam\isteamgameserverstats.h">
      <Filter>steam</Filter>
    </ClInclude>
    <ClInclude Include="G:\Projects\Cry-Steam-Plugin\Code\steam\isteamhtmlsurface.h">
      <Filter>steam</Filter>
    </ClInclude>
    <ClInclude Include="G:\Projects\Cry-Steam-Plugin\Code\steam\isteamhttp.h">
      <Filter>steam</Filter>
    </ClInclude>
    <ClInclude Include="G:\Projects\Cry-Steam-Plugin\Code\steam\isteaminput.h">
      <Filter>steam</Filter>
    </ClInclude>
    <ClInclude Include="G:\Projects\Cry-Steam-Plugin\Code\steam\isteaminventory.h">
      <Filter>steam</Filter>
    </ClInclude>
    <ClInclude Include="G:\Projects\Cry-Steam-Plugin\Code\steam\isteammasterserverupdater.h">
      <Filter>steam</Filter>
    </ClInclude>
    <ClInclude Include="G:\Projects\Cry-Steam-Plugin\Code\steam\isteammatchmaking.h">
      <Filter>steam</Filter>
    </ClInclude>
    <ClInclude Include="G:\Projects\Cry-Steam-Plugin\Code\steam\isteammusic.h">
      <Filter>steam</Filter>
    </ClInclude>
    <ClInclude Include="G:\Projects\Cry-Steam-Plugin\Code\steam\isteammusicremote.h">
      <Filter>steam</Filter>
    </ClInclude>
    <ClInclude Include="G:\Projects\Cry-Steam-Plugin\Code\steam\isteamnetworking.h">
      <Filter>steam</Filter>
    </ClInclude>
    <ClInclude Include="G:\Projects\Cry-Steam-Plugin\Code\steam\isteamnetworkingsockets.h">
      <Filter>steam</Filter>
    </ClInclude>
    <ClInclude Include="G:\Projects\Cry-Steam-Plugin\Code\steam\isteamnetworkingutils.h">
      <Filter>steam</Filter>
    </ClInclude>
    <ClInclude Include="G:\Projects\Cry-Steam-Plugin\Code\steam\isteamparentalsettings.h">
      <Filter>steam</Filter>
    </ClInclude>
    <ClInclude Include="G:\Projects\Cry-Steam-Plugin\Code\steam\isteamps3overlayrenderer.h">
      <Filter>steam</Filter>
    </ClInclude>
    <ClInclude Include="G:\Projects\Cry-Steam-Plugin\Code\steam\isteamremoteplay.h">
      <Filter>steam</Filter>
    </ClInclude>
    <ClInclude Include="G:\Projects\Cry-Steam-Plugin\Code\steam\isteamremotestorage.h">
      <Filter>steam</Filter>
    </ClInclude>
    <ClInclude Include="G:\Projects\Cry-Steam-Plugin\Code\steam\isteamscreenshots.h">
      <Filter>steam</Filter>
    </ClInclude>
    <ClInclude Include="G:\Projects\Cry-Steam-Plugin\Code\steam\isteamugc.h">
      <Filter>steam</Filter>
    </ClInclude>
    <ClInclude Include="G:\Projects\Cry-Steam-Plugin\Code\steam\isteamuser.h">
      <Filter>steam</Filter>
    </ClInclude>
    <ClInclude Include="G:\Projects\Cry-Steam-Plugin\Code\steam\isteamuserstats.h">
      <Filter>steam</Filter>
    </ClInclude>
    <ClInclude Include="G:\Projects\Cry-Steam-Plugin\Code\steam\isteamutils.h">
      <Filter>steam</Filter>
    </ClInclude>
    <ClInclude Include="G:\Projects\Cry-Steam-Plugin\Code\steam\isteamvideo.h">
      <Filter>steam</Filter>
    </ClInclude>
    <ClInclude Include="G:\Projects\Cry-Steam-Plugin\Code\steam\matchmakingtypes.h">
      <Filter>steam</Filter>
    </ClInclude>
    <ClInclude Include="G:\Projects\Cry-Steam-Plugin\Code\steam\steamclientpublic.h">
      <Filter>steam</Filter>
    </ClInclude>
    <ClInclude Include="G:\Projects\Cry-Steam-Plugin\Code\steam\steamdatagram_tickets.h">
      <Filter>steam</Filter>
    </ClInclude>
    <ClInclude Include="G:\Projects\Cry-Steam-Plugin\Code\steam\steamencryptedappticket.h">
      <Filter>steam</Filter>
    </ClInclude>
    <ClInclude Include="G:\Projects\Cry-Steam-Plugin\Code\steam\steamhttpenums.h">
      <Filter>steam</Filter>
    </ClInclude>
    <ClInclude Include="G:\Projects\Cry-Steam-Plugin\Code\steam\steamnetworkingtypes.h">
      <Filter>steam</Filter>
    </ClInclude>
    <ClInclude Include="G:\Projects\Cry-Steam-Plugin\Code\steam\steamps3params.h">
      <Filter>steam</Filter>
    </ClInclude>
    <ClInclude Include="G:\Projects\Cry-Steam-Plugin\Code\steam\steamtypes.h">
      <Filter>steam</Filter>
    </ClInclude>
    <ClInclude Include="G:\Projects\Cry-Steam-Plugin\Code\steam\steamuniverse.h">
      <Filter>steam</Filter>
    </ClInclude>
    <ClInclude Include="G:\Projects\Cry-Steam-Plugin\Code\steam\steam_api.h">
      <Filter>steam</Filter>
    </ClInclude>
    <ClInclude Include="G:\Projects\Cry-Steam-Plugin\Code\steam\steam_api_common.h">
      <Filter>steam</Filter>
    </ClInclude>
    <ClInclude Include="G:\Projects\Cry-Steam-Plugin\Code\steam\steam_api_flat.h">
      <Filter>steam</Filter>
    </ClInclude>
    <ClInclude Include="G:\Projects\Cry-Steam-Plugin\Code\steam\steam_api_internal.h">
      <Filter>steam</Filter>
    </ClInclude>
    <ClInclude Include="G:\Projects\Cry-Steam-Plugin\Code\steam\steam_gameserver.h">
      <Filter>steam</Filter>
    </ClInclude>
  </ItemGroup>
  <ItemGroup>
    <CustomBuild Include="G:\Projects\Cry-Steam-Plugin\Code\CMakeLists.txt" />
  </ItemGroup>
  <ItemGroup>
    <ResourceCompile Include="G:\Projects\Cry-Steam-Plugin\solutions\win64\Plugin.autogen.rc">
      <Filter>Resource Files</Filter>
    </ResourceCompile>
  </ItemGroup>
  <ItemGroup>
    <Filter Include="Resource Files">
      <UniqueIdentifier>{8439F613-0D5D-356C-8474-D0708E4F5145}</UniqueIdentifier>
    </Filter>
    <Filter Include="UBER FILES">
      <UniqueIdentifier>{7EAD7A48-FEF8-3094-966C-FEB1AE589F39}</UniqueIdentifier>
    </Filter>
    <Filter Include="steam">
      <UniqueIdentifier>{3378493B-E219-301C-9562-A380433F333E}</UniqueIdentifier>
    </Filter>
  </ItemGroup>
</Project>
