Microsoft Visual Studio Solution File, Format Version 12.00
# Visual Studio 15
Project("{2150E333-8FDC-42A3-9474-1A3956D46DE8}") = "CMakePredefinedTargets", "CMakePredefinedTargets", "{15F69443-BE21-3A6B-9BC8-070485A38704}"
EndProject
Project("{2150E333-8FDC-42A3-9474-1A3956D46DE8}") = "Project", "Project", "{2BB5C53D-1036-3847-B44C-A64D4B0C1CF6}"
EndProject
Project("{8BC9CEB8-8B4A-11D0-8D11-00A0C91BC942}") = "GameLauncher", "GameLauncher.vcxproj", "{9FC91B10-DA0B-3351-A7FA-BF898FA2B29B}"
	ProjectSection(ProjectDependencies) = postProject
		{B0EAD31D-0F88-398B-8990-043D173EDCA8} = {B0EAD31D-0F88-398B-8990-043D173EDCA8}
	EndProjectSection
EndProject
Project("{8BC9CEB8-8B4A-11D0-8D11-00A0C91BC942}") = "ALL_BUILD", "ALL_BUILD.vcxproj", "{8679DA5F-E18F-3396-B86D-CB1DBAB58545}"
	ProjectSection(ProjectDependencies) = postProject
		{E4FB9D0E-34B5-33E3-88C4-941B2BC77C51} = {E4FB9D0E-34B5-33E3-88C4-941B2BC77C51}
		{9FC91B10-DA0B-3351-A7FA-BF898FA2B29B} = {9FC91B10-DA0B-3351-A7FA-BF898FA2B29B}
		{E224C7B9-51FF-3666-A712-7C8056FCFA1D} = {E224C7B9-51FF-3666-A712-7C8056FCFA1D}
		{2E7C5C54-5B7E-3E4B-B12D-47F6FAB9FC06} = {2E7C5C54-5B7E-3E4B-B12D-47F6FAB9FC06}
		{B0EAD31D-0F88-398B-8990-043D173EDCA8} = {B0EAD31D-0F88-398B-8990-043D173EDCA8}
	EndProjectSection
EndProject
Project("{8BC9CEB8-8B4A-11D0-8D11-00A0C91BC942}") = "Editor", "Editor.vcxproj", "{E4FB9D0E-34B5-33E3-88C4-941B2BC77C51}"
	ProjectSection(ProjectDependencies) = postProject
		{B0EAD31D-0F88-398B-8990-043D173EDCA8} = {B0EAD31D-0F88-398B-8990-043D173EDCA8}
	EndProjectSection
EndProject
Project("{8BC9CEB8-8B4A-11D0-8D11-00A0C91BC942}") = "GameServer", "GameServer.vcxproj", "{E224C7B9-51FF-3666-A712-7C8056FCFA1D}"
	ProjectSection(ProjectDependencies) = postProject
		{B0EAD31D-0F88-398B-8990-043D173EDCA8} = {B0EAD31D-0F88-398B-8990-043D173EDCA8}
	EndProjectSection
EndProject
Project("{8BC9CEB8-8B4A-11D0-8D11-00A0C91BC942}") = "INSTALL", "INSTALL.vcxproj", "{53EE0CD5-2DEB-3073-B61D-3D0D3A3F0D0A}"
	ProjectSection(ProjectDependencies) = postProject
		{8679DA5F-E18F-3396-B86D-CB1DBAB58545} = {8679DA5F-E18F-3396-B86D-CB1DBAB58545}
		{B0EAD31D-0F88-398B-8990-043D173EDCA8} = {B0EAD31D-0F88-398B-8990-043D173EDCA8}
	EndProjectSection
EndProject
Project("{8BC9CEB8-8B4A-11D0-8D11-00A0C91BC942}") = "Plugin", "Plugin.vcxproj", "{2E7C5C54-5B7E-3E4B-B12D-47F6FAB9FC06}"
	ProjectSection(ProjectDependencies) = postProject
		{B0EAD31D-0F88-398B-8990-043D173EDCA8} = {B0EAD31D-0F88-398B-8990-043D173EDCA8}
	EndProjectSection
EndProject
Project("{8BC9CEB8-8B4A-11D0-8D11-00A0C91BC942}") = "ZERO_CHECK", "ZERO_CHECK.vcxproj", "{B0EAD31D-0F88-398B-8990-043D173EDCA8}"
	ProjectSection(ProjectDependencies) = postProject
	EndProjectSection
EndProject
Global
	GlobalSection(SolutionConfigurationPlatforms) = preSolution
		Debug|x64 = Debug|x64
		Profile|x64 = Profile|x64
		Release|x64 = Release|x64
	EndGlobalSection
	GlobalSection(ProjectConfigurationPlatforms) = postSolution
		{9FC91B10-DA0B-3351-A7FA-BF898FA2B29B}.Debug|x64.ActiveCfg = Debug|x64
		{9FC91B10-DA0B-3351-A7FA-BF898FA2B29B}.Debug|x64.Build.0 = Debug|x64
		{9FC91B10-DA0B-3351-A7FA-BF898FA2B29B}.Profile|x64.ActiveCfg = Profile|x64
		{9FC91B10-DA0B-3351-A7FA-BF898FA2B29B}.Profile|x64.Build.0 = Profile|x64
		{9FC91B10-DA0B-3351-A7FA-BF898FA2B29B}.Release|x64.ActiveCfg = Release|x64
		{9FC91B10-DA0B-3351-A7FA-BF898FA2B29B}.Release|x64.Build.0 = Release|x64
		{8679DA5F-E18F-3396-B86D-CB1DBAB58545}.Debug|x64.ActiveCfg = Debug|x64
		{8679DA5F-E18F-3396-B86D-CB1DBAB58545}.Debug|x64.Build.0 = Debug|x64
		{8679DA5F-E18F-3396-B86D-CB1DBAB58545}.Profile|x64.ActiveCfg = Profile|x64
		{8679DA5F-E18F-3396-B86D-CB1DBAB58545}.Profile|x64.Build.0 = Profile|x64
		{8679DA5F-E18F-3396-B86D-CB1DBAB58545}.Release|x64.ActiveCfg = Release|x64
		{8679DA5F-E18F-3396-B86D-CB1DBAB58545}.Release|x64.Build.0 = Release|x64
		{E4FB9D0E-34B5-33E3-88C4-941B2BC77C51}.Debug|x64.ActiveCfg = Debug|x64
		{E4FB9D0E-34B5-33E3-88C4-941B2BC77C51}.Debug|x64.Build.0 = Debug|x64
		{E4FB9D0E-34B5-33E3-88C4-941B2BC77C51}.Profile|x64.ActiveCfg = Profile|x64
		{E4FB9D0E-34B5-33E3-88C4-941B2BC77C51}.Profile|x64.Build.0 = Profile|x64
		{E4FB9D0E-34B5-33E3-88C4-941B2BC77C51}.Release|x64.ActiveCfg = Release|x64
		{E4FB9D0E-34B5-33E3-88C4-941B2BC77C51}.Release|x64.Build.0 = Release|x64
		{E224C7B9-51FF-3666-A712-7C8056FCFA1D}.Debug|x64.ActiveCfg = Debug|x64
		{E224C7B9-51FF-3666-A712-7C8056FCFA1D}.Debug|x64.Build.0 = Debug|x64
		{E224C7B9-51FF-3666-A712-7C8056FCFA1D}.Profile|x64.ActiveCfg = Profile|x64
		{E224C7B9-51FF-3666-A712-7C8056FCFA1D}.Profile|x64.Build.0 = Profile|x64
		{E224C7B9-51FF-3666-A712-7C8056FCFA1D}.Release|x64.ActiveCfg = Release|x64
		{E224C7B9-51FF-3666-A712-7C8056FCFA1D}.Release|x64.Build.0 = Release|x64
		{53EE0CD5-2DEB-3073-B61D-3D0D3A3F0D0A}.Debug|x64.ActiveCfg = Debug|x64
		{53EE0CD5-2DEB-3073-B61D-3D0D3A3F0D0A}.Profile|x64.ActiveCfg = Profile|x64
		{53EE0CD5-2DEB-3073-B61D-3D0D3A3F0D0A}.Release|x64.ActiveCfg = Release|x64
		{2E7C5C54-5B7E-3E4B-B12D-47F6FAB9FC06}.Debug|x64.ActiveCfg = Debug|x64
		{2E7C5C54-5B7E-3E4B-B12D-47F6FAB9FC06}.Debug|x64.Build.0 = Debug|x64
		{2E7C5C54-5B7E-3E4B-B12D-47F6FAB9FC06}.Profile|x64.ActiveCfg = Profile|x64
		{2E7C5C54-5B7E-3E4B-B12D-47F6FAB9FC06}.Profile|x64.Build.0 = Profile|x64
		{2E7C5C54-5B7E-3E4B-B12D-47F6FAB9FC06}.Release|x64.ActiveCfg = Release|x64
		{2E7C5C54-5B7E-3E4B-B12D-47F6FAB9FC06}.Release|x64.Build.0 = Release|x64
		{B0EAD31D-0F88-398B-8990-043D173EDCA8}.Debug|x64.ActiveCfg = Debug|x64
		{B0EAD31D-0F88-398B-8990-043D173EDCA8}.Debug|x64.Build.0 = Debug|x64
		{B0EAD31D-0F88-398B-8990-043D173EDCA8}.Profile|x64.ActiveCfg = Profile|x64
		{B0EAD31D-0F88-398B-8990-043D173EDCA8}.Profile|x64.Build.0 = Profile|x64
		{B0EAD31D-0F88-398B-8990-043D173EDCA8}.Release|x64.ActiveCfg = Release|x64
		{B0EAD31D-0F88-398B-8990-043D173EDCA8}.Release|x64.Build.0 = Release|x64
	EndGlobalSection
	GlobalSection(NestedProjects) = preSolution
		{8679DA5F-E18F-3396-B86D-CB1DBAB58545} = {15F69443-BE21-3A6B-9BC8-070485A38704}
		{53EE0CD5-2DEB-3073-B61D-3D0D3A3F0D0A} = {15F69443-BE21-3A6B-9BC8-070485A38704}
		{B0EAD31D-0F88-398B-8990-043D173EDCA8} = {15F69443-BE21-3A6B-9BC8-070485A38704}
		{2E7C5C54-5B7E-3E4B-B12D-47F6FAB9FC06} = {2BB5C53D-1036-3847-B44C-A64D4B0C1CF6}
	EndGlobalSection
	GlobalSection(ExtensibilityGlobals) = postSolution
		SolutionGuid = {47CD885E-CB0D-3BF3-8592-7C7061101B19}
	EndGlobalSection
	GlobalSection(ExtensibilityAddIns) = postSolution
	EndGlobalSection
EndGlobal
