<?xml version="1.0" encoding="utf-8"?>
<Project ToolsVersion="15.0" xmlns="http://schemas.microsoft.com/developer/msbuild/2003">
  <ItemGroup>
    <ClCompile Include="G:\Projects\Cry-Steam-Plugin\Code\StdAfx.cpp" />
    <ClCompile Include="G:\Projects\Cry-Steam-Plugin\solutions\win64\Code_uber.cpp">
      <Filter>UBER FILES</Filter>
    </ClCompile>
    <ClCompile Include="G:\Projects\Cry-Steam-Plugin\solutions\win64\steam_uber.cpp">
      <Filter>UBER FILES</Filter>
    </ClCompile>
  </ItemGroup>
  <ItemGroup>
    <ClInclude Include="G:\Projects\Cry-Steam-Plugin\Code\Plugin.cpp" />
    <ClInclude Include="G:\Projects\Cry-Steam-Plugin\Code\Plugin.h" />
    <ClInclude Include="G:\Projects\Cry-Steam-Plugin\Code\StdAfx.h" />
    <ClInclude Include="G:\Projects\Cry-Steam-Plugin\Code\public\steam\isteamapplist.h">
      <Filter>public\steam</Filter>
    </ClInclude>
    <ClInclude Include="G:\Projects\Cry-Steam-Plugin\Code\public\steam\isteamapps.h">
      <Filter>public\steam</Filter>
    </ClInclude>
    <ClInclude Include="G:\Projects\Cry-Steam-Plugin\Code\public\steam\isteamappticket.h">
      <Filter>public\steam</Filter>
    </ClInclude>
    <ClInclude Include="G:\Projects\Cry-Steam-Plugin\Code\public\steam\isteamclient.h">
      <Filter>public\steam</Filter>
    </ClInclude>
    <ClInclude Include="G:\Projects\Cry-Steam-Plugin\Code\public\steam\isteamcontroller.h">
      <Filter>public\steam</Filter>
    </ClInclude>
    <ClInclude Include="G:\Projects\Cry-Steam-Plugin\Code\public\steam\isteamfriends.h">
      <Filter>public\steam</Filter>
    </ClInclude>
    <ClInclude Include="G:\Projects\Cry-Steam-Plugin\Code\public\steam\isteamgamecoordinator.h">
      <Filter>public\steam</Filter>
    </ClInclude>
    <ClInclude Include="G:\Projects\Cry-Steam-Plugin\Code\public\steam\isteamgameserver.h">
      <Filter>public\steam</Filter>
    </ClInclude>
    <ClInclude Include="G:\Projects\Cry-Steam-Plugin\Code\public\steam\isteamgameserverstats.h">
      <Filter>public\steam</Filter>
    </ClInclude>
    <ClInclude Include="G:\Projects\Cry-Steam-Plugin\Code\public\steam\isteamhtmlsurface.h">
      <Filter>public\steam</Filter>
    </ClInclude>
    <ClInclude Include="G:\Projects\Cry-Steam-Plugin\Code\public\steam\isteamhttp.h">
      <Filter>public\steam</Filter>
    </ClInclude>
    <ClInclude Include="G:\Projects\Cry-Steam-Plugin\Code\public\steam\isteaminput.h">
      <Filter>public\steam</Filter>
    </ClInclude>
    <ClInclude Include="G:\Projects\Cry-Steam-Plugin\Code\public\steam\isteaminventory.h">
      <Filter>public\steam</Filter>
    </ClInclude>
    <ClInclude Include="G:\Projects\Cry-Steam-Plugin\Code\public\steam\isteammasterserverupdater.h">
      <Filter>public\steam</Filter>
    </ClInclude>
    <ClInclude Include="G:\Projects\Cry-Steam-Plugin\Code\public\steam\isteammatchmaking.h">
      <Filter>public\steam</Filter>
    </ClInclude>
    <ClInclude Include="G:\Projects\Cry-Steam-Plugin\Code\public\steam\isteammusic.h">
      <Filter>public\steam</Filter>
    </ClInclude>
    <ClInclude Include="G:\Projects\Cry-Steam-Plugin\Code\public\steam\isteammusicremote.h">
      <Filter>public\steam</Filter>
    </ClInclude>
    <ClInclude Include="G:\Projects\Cry-Steam-Plugin\Code\public\steam\isteamnetworking.h">
      <Filter>public\steam</Filter>
    </ClInclude>
    <ClInclude Include="G:\Projects\Cry-Steam-Plugin\Code\public\steam\isteamnetworkingsockets.h">
      <Filter>public\steam</Filter>
    </ClInclude>
    <ClInclude Include="G:\Projects\Cry-Steam-Plugin\Code\public\steam\isteamnetworkingutils.h">
      <Filter>public\steam</Filter>
    </ClInclude>
    <ClInclude Include="G:\Projects\Cry-Steam-Plugin\Code\public\steam\isteamparentalsettings.h">
      <Filter>public\steam</Filter>
    </ClInclude>
    <ClInclude Include="G:\Projects\Cry-Steam-Plugin\Code\public\steam\isteamps3overlayrenderer.h">
      <Filter>public\steam</Filter>
    </ClInclude>
    <ClInclude Include="G:\Projects\Cry-Steam-Plugin\Code\public\steam\isteamremoteplay.h">
      <Filter>public\steam</Filter>
    </ClInclude>
    <ClInclude Include="G:\Projects\Cry-Steam-Plugin\Code\public\steam\isteamremotestorage.h">
      <Filter>public\steam</Filter>
    </ClInclude>
    <ClInclude Include="G:\Projects\Cry-Steam-Plugin\Code\public\steam\isteamscreenshots.h">
      <Filter>public\steam</Filter>
    </ClInclude>
    <ClInclude Include="G:\Projects\Cry-Steam-Plugin\Code\public\steam\isteamugc.h">
      <Filter>public\steam</Filter>
    </ClInclude>
    <ClInclude Include="G:\Projects\Cry-Steam-Plugin\Code\public\steam\isteamuser.h">
      <Filter>public\steam</Filter>
    </ClInclude>
    <ClInclude Include="G:\Projects\Cry-Steam-Plugin\Code\public\steam\isteamuserstats.h">
      <Filter>public\steam</Filter>
    </ClInclude>
    <ClInclude Include="G:\Projects\Cry-Steam-Plugin\Code\public\steam\isteamutils.h">
      <Filter>public\steam</Filter>
    </ClInclude>
    <ClInclude Include="G:\Projects\Cry-Steam-Plugin\Code\public\steam\isteamvideo.h">
      <Filter>public\steam</Filter>
    </ClInclude>
    <ClInclude Include="G:\Projects\Cry-Steam-Plugin\Code\public\steam\matchmakingtypes.h">
      <Filter>public\steam</Filter>
    </ClInclude>
    <ClInclude Include="G:\Projects\Cry-Steam-Plugin\Code\public\steam\steamclientpublic.h">
      <Filter>public\steam</Filter>
    </ClInclude>
    <ClInclude Include="G:\Projects\Cry-Steam-Plugin\Code\public\steam\steamdatagram_tickets.h">
      <Filter>public\steam</Filter>
    </ClInclude>
    <ClInclude Include="G:\Projects\Cry-Steam-Plugin\Code\public\steam\steamencryptedappticket.h">
      <Filter>public\steam</Filter>
    </ClInclude>
    <ClInclude Include="G:\Projects\Cry-Steam-Plugin\Code\public\steam\steamhttpenums.h">
      <Filter>public\steam</Filter>
    </ClInclude>
    <ClInclude Include="G:\Projects\Cry-Steam-Plugin\Code\public\steam\steamnetworkingtypes.h">
      <Filter>public\steam</Filter>
    </ClInclude>
    <ClInclude Include="G:\Projects\Cry-Steam-Plugin\Code\public\steam\steamps3params.h">
      <Filter>public\steam</Filter>
    </ClInclude>
    <ClInclude Include="G:\Projects\Cry-Steam-Plugin\Code\public\steam\steamtypes.h">
      <Filter>public\steam</Filter>
    </ClInclude>
    <ClInclude Include="G:\Projects\Cry-Steam-Plugin\Code\public\steam\steamuniverse.h">
      <Filter>public\steam</Filter>
    </ClInclude>
    <ClInclude Include="G:\Projects\Cry-Steam-Plugin\Code\public\steam\steam_api.h">
      <Filter>public\steam</Filter>
    </ClInclude>
    <ClInclude Include="G:\Projects\Cry-Steam-Plugin\Code\public\steam\steam_api_common.h">
      <Filter>public\steam</Filter>
    </ClInclude>
    <ClInclude Include="G:\Projects\Cry-Steam-Plugin\Code\public\steam\steam_api_flat.h">
      <Filter>public\steam</Filter>
    </ClInclude>
    <ClInclude Include="G:\Projects\Cry-Steam-Plugin\Code\public\steam\steam_api_internal.h">
      <Filter>public\steam</Filter>
    </ClInclude>
    <ClInclude Include="G:\Projects\Cry-Steam-Plugin\Code\public\steam\steam_gameserver.h">
      <Filter>public\steam</Filter>
    </ClInclude>
  </ItemGroup>
  <ItemGroup>
    <CustomBuild Include="G:\Projects\Cry-Steam-Plugin\Code\CMakeLists.txt" />
  </ItemGroup>
  <ItemGroup>
    <ResourceCompile Include="G:\Projects\Cry-Steam-Plugin\solutions\win64\Plugin.autogen.rc">
      <Filter>Resource Files</Filter>
    </ResourceCompile>
  </ItemGroup>
  <ItemGroup>
    <Filter Include="Resource Files">
      <UniqueIdentifier>{8439F613-0D5D-356C-8474-D0708E4F5145}</UniqueIdentifier>
    </Filter>
    <Filter Include="UBER FILES">
      <UniqueIdentifier>{7EAD7A48-FEF8-3094-966C-FEB1AE589F39}</UniqueIdentifier>
    </Filter>
    <Filter Include="public">
      <UniqueIdentifier>{8F8F88C0-05E3-3622-A2A0-D187940946A9}</UniqueIdentifier>
    </Filter>
    <Filter Include="public\steam">
      <UniqueIdentifier>{D386650B-AE53-3AA1-8685-4703B45D091A}</UniqueIdentifier>
    </Filter>
  </ItemGroup>
</Project>
